Microsoft Visual Studio Solution File, Format Version 12.00
# Visual Studio Version 16
VisualStudioVersion = 16.0.33214.272
MinimumVisualStudioVersion = 16.0.0.0
Project("{8BC9CEB8-8B4A-11D0-8D11-00A0C91BC942}") = "ModelViewer", "ModelViewer.vcxproj", "{5938554B-1112-4A6D-9CA0-EDEA01CB7F3F}"
	ProjectSection(ProjectDependencies) = postProject
		{30DD3D57-0026-48C8-BFD1-6392F319E23A} = {30DD3D57-0026-48C8-BFD1-6392F319E23A}
		{DB6193E0-3C12-450F-B344-DC4DAED8C421} = {DB6193E0-3C12-450F-B344-DC4DAED8C421}
	EndProjectSection
EndProject
Project("{8BC9CEB8-8B4A-11D0-8D11-00A0C91BC942}") = "OS", "Libraries\OS\OS.vcxproj", "{30DD3D57-0026-48C8-BFD1-6392F319E23A}"
EndProject
Project("{8BC9CEB8-8B4A-11D0-8D11-00A0C91BC942}") = "Renderer", "Libraries\Renderer\Renderer.vcxproj", "{DB6193E0-3C12-450F-B344-DC4DAED8C421}"
EndProject
Global
	GlobalSection(SolutionConfigurationPlatforms) = preSolution
		Debug|x64 = Debug|x64
		Debug|x86 = Debug|x86
		Release|x64 = Release|x64
		Release|x86 = Release|x86
	EndGlobalSection
	GlobalSection(ProjectConfigurationPlatforms) = postSolution
		{5938554B-1112-4A6D-9CA0-EDEA01CB7F3F}.Debug|x64.ActiveCfg = Debug|x64
		{5938554B-1112-4A6D-9CA0-EDEA01CB7F3F}.Debug|x64.Build.0 = Debug|x64
		{5938554B-1112-4A6D-9CA0-EDEA01CB7F3F}.Debug|x86.ActiveCfg = Debug|x64
		{5938554B-1112-4A6D-9CA0-EDEA01CB7F3F}.Release|x64.ActiveCfg = Release|x64
		{5938554B-1112-4A6D-9CA0-EDEA01CB7F3F}.Release|x64.Build.0 = Release|x64
		{5938554B-1112-4A6D-9CA0-EDEA01CB7F3F}.Release|x86.ActiveCfg = Release|x64
		{30DD3D57-0026-48C8-BFD1-6392F319E23A}.Debug|x64.ActiveCfg = Debug|x64
		{30DD3D57-0026-48C8-BFD1-6392F319E23A}.Debug|x64.Build.0 = Debug|x64
		{30DD3D57-0026-48C8-BFD1-6392F319E23A}.Debug|x86.ActiveCfg = Debug|x64
		{30DD3D57-0026-48C8-BFD1-6392F319E23A}.Release|x64.ActiveCfg = Release|x64
		{30DD3D57-0026-48C8-BFD1-6392F319E23A}.Release|x64.Build.0 = Release|x64
		{30DD3D57-0026-48C8-BFD1-6392F319E23A}.Release|x86.ActiveCfg = Release|x64
		{DB6193E0-3C12-450F-B344-DC4DAED8C421}.Debug|x64.ActiveCfg = Debug|x64
		{DB6193E0-3C12-450F-B344-DC4DAED8C421}.Debug|x64.Build.0 = Debug|x64
		{DB6193E0-3C12-450F-B344-DC4DAED8C421}.Debug|x86.ActiveCfg = Debug|x64
		{DB6193E0-3C12-450F-B344-DC4DAED8C421}.Release|x64.ActiveCfg = Release|x64
		{DB6193E0-3C12-450F-B344-DC4DAED8C421}.Release|x64.Build.0 = Release|x64
		{DB6193E0-3C12-450F-B344-DC4DAED8C421}.Release|x86.ActiveCfg = Release|x64
	EndGlobalSection
	GlobalSection(SolutionProperties) = preSolution
		HideSolutionNode = FALSE
	EndGlobalSection
	GlobalSection(ExtensibilityGlobals) = postSolution
		SolutionGuid = {948F21A0-5B36-35C9-B219-88B1DAC0D0C2}
	EndGlobalSection
	GlobalSection(Performance) = preSolution
		HasPerformanceSessions = true
	EndGlobalSection
EndGlobal
